// !$*UTF8*$!
{
	archiveVersion = 1;
	classes = {
	};
	objectVersion = 52;
	objects = {

/* Begin PBXBuildFile section */
		9C1E69E6233A2A4F007EDFD3 /* Citybikes WatchKit App.app in Embed Watch Content */ = {isa = PBXBuildFile; fileRef = 9C1E69E5233A2A4F007EDFD3 /* Citybikes WatchKit App.app */; settings = {ATTRIBUTES = (RemoveHeadersOnCopy, ); }; };
		9C1E69EC233A2A4F007EDFD3 /* Interface.storyboard in Resources */ = {isa = PBXBuildFile; fileRef = 9C1E69EA233A2A4F007EDFD3 /* Interface.storyboard */; };
		9C1E69EE233A2A51007EDFD3 /* Assets.xcassets in Resources */ = {isa = PBXBuildFile; fileRef = 9C1E69ED233A2A51007EDFD3 /* Assets.xcassets */; };
		9C1E69F5233A2A52007EDFD3 /* Citybikes WatchKit Extension.appex in Embed App Extensions */ = {isa = PBXBuildFile; fileRef = 9C1E69F4233A2A52007EDFD3 /* Citybikes WatchKit Extension.appex */; settings = {ATTRIBUTES = (RemoveHeadersOnCopy, ); }; };
		9C1E69FA233A2A52007EDFD3 /* InterfaceController.swift in Sources */ = {isa = PBXBuildFile; fileRef = 9C1E69F9233A2A52007EDFD3 /* InterfaceController.swift */; };
		9C1E69FC233A2A52007EDFD3 /* ExtensionDelegate.swift in Sources */ = {isa = PBXBuildFile; fileRef = 9C1E69FB233A2A52007EDFD3 /* ExtensionDelegate.swift */; };
		9C1E69FE233A2A52007EDFD3 /* ComplicationController.swift in Sources */ = {isa = PBXBuildFile; fileRef = 9C1E69FD233A2A52007EDFD3 /* ComplicationController.swift */; };
		9C1E6A00233A2A52007EDFD3 /* Assets.xcassets in Resources */ = {isa = PBXBuildFile; fileRef = 9C1E69FF233A2A52007EDFD3 /* Assets.xcassets */; };
		9C1E6A14233A4F76007EDFD3 /* Alamofire in Frameworks */ = {isa = PBXBuildFile; productRef = 9C1E6A13233A4F76007EDFD3 /* Alamofire */; };
		9C1E6A17233A59D7007EDFD3 /* SwiftyJSON in Frameworks */ = {isa = PBXBuildFile; productRef = 9C1E6A16233A59D7007EDFD3 /* SwiftyJSON */; };
		9C1E6A51233A63D7007EDFD3 /* ContentView.swift in Sources */ = {isa = PBXBuildFile; fileRef = 9C1E6A50233A63D7007EDFD3 /* ContentView.swift */; };
		9C1E6A53233A6768007EDFD3 /* StationModel.swift in Sources */ = {isa = PBXBuildFile; fileRef = 9C1E6A52233A6768007EDFD3 /* StationModel.swift */; };
		9C1EFA112342178300ED80E4 /* Location.swift in Sources */ = {isa = PBXBuildFile; fileRef = 9C1EFA102342178300ED80E4 /* Location.swift */; };
/* End PBXBuildFile section */

/* Begin PBXContainerItemProxy section */
		9C1E69E7233A2A4F007EDFD3 /* PBXContainerItemProxy */ = {
			isa = PBXContainerItemProxy;
			containerPortal = 9C1E69DB233A2A4F007EDFD3 /* Project object */;
			proxyType = 1;
			remoteGlobalIDString = 9C1E69E4233A2A4F007EDFD3;
			remoteInfo = "Citybikes WatchKit App";
		};
		9C1E69F6233A2A52007EDFD3 /* PBXContainerItemProxy */ = {
			isa = PBXContainerItemProxy;
			containerPortal = 9C1E69DB233A2A4F007EDFD3 /* Project object */;
			proxyType = 1;
			remoteGlobalIDString = 9C1E69F3233A2A52007EDFD3;
			remoteInfo = "Citybikes WatchKit Extension";
		};
/* End PBXContainerItemProxy section */

/* Begin PBXCopyFilesBuildPhase section */
		9C1E6A07233A2A52007EDFD3 /* Embed App Extensions */ = {
			isa = PBXCopyFilesBuildPhase;
			buildActionMask = 2147483647;
			dstPath = "";
			dstSubfolderSpec = 13;
			files = (
				9C1E69F5233A2A52007EDFD3 /* Citybikes WatchKit Extension.appex in Embed App Extensions */,
			);
			name = "Embed App Extensions";
			runOnlyForDeploymentPostprocessing = 0;
		};
		9C1E6A0B233A2A52007EDFD3 /* Embed Watch Content */ = {
			isa = PBXCopyFilesBuildPhase;
			buildActionMask = 2147483647;
			dstPath = "$(CONTENTS_FOLDER_PATH)/Watch";
			dstSubfolderSpec = 16;
			files = (
				9C1E69E6233A2A4F007EDFD3 /* Citybikes WatchKit App.app in Embed Watch Content */,
			);
			name = "Embed Watch Content";
			runOnlyForDeploymentPostprocessing = 0;
		};
/* End PBXCopyFilesBuildPhase section */

/* Begin PBXFileReference section */
		9C1E69E1233A2A4F007EDFD3 /* Citybikes.app */ = {isa = PBXFileReference; explicitFileType = wrapper.application; includeInIndex = 0; path = Citybikes.app; sourceTree = BUILT_PRODUCTS_DIR; };
		9C1E69E5233A2A4F007EDFD3 /* Citybikes WatchKit App.app */ = {isa = PBXFileReference; explicitFileType = wrapper.application; includeInIndex = 0; path = "Citybikes WatchKit App.app"; sourceTree = BUILT_PRODUCTS_DIR; };
		9C1E69EB233A2A4F007EDFD3 /* Base */ = {isa = PBXFileReference; lastKnownFileType = file.storyboard; name = Base; path = Base.lproj/Interface.storyboard; sourceTree = "<group>"; };
		9C1E69ED233A2A51007EDFD3 /* Assets.xcassets */ = {isa = PBXFileReference; lastKnownFileType = folder.assetcatalog; path = Assets.xcassets; sourceTree = "<group>"; };
		9C1E69EF233A2A51007EDFD3 /* Info.plist */ = {isa = PBXFileReference; lastKnownFileType = text.plist.xml; path = Info.plist; sourceTree = "<group>"; };
		9C1E69F4233A2A52007EDFD3 /* Citybikes WatchKit Extension.appex */ = {isa = PBXFileReference; explicitFileType = "wrapper.app-extension"; includeInIndex = 0; path = "Citybikes WatchKit Extension.appex"; sourceTree = BUILT_PRODUCTS_DIR; };
		9C1E69F9233A2A52007EDFD3 /* InterfaceController.swift */ = {isa = PBXFileReference; lastKnownFileType = sourcecode.swift; path = InterfaceController.swift; sourceTree = "<group>"; };
		9C1E69FB233A2A52007EDFD3 /* ExtensionDelegate.swift */ = {isa = PBXFileReference; lastKnownFileType = sourcecode.swift; path = ExtensionDelegate.swift; sourceTree = "<group>"; };
		9C1E69FD233A2A52007EDFD3 /* ComplicationController.swift */ = {isa = PBXFileReference; lastKnownFileType = sourcecode.swift; path = ComplicationController.swift; sourceTree = "<group>"; };
		9C1E69FF233A2A52007EDFD3 /* Assets.xcassets */ = {isa = PBXFileReference; lastKnownFileType = folder.assetcatalog; path = Assets.xcassets; sourceTree = "<group>"; };
		9C1E6A01233A2A52007EDFD3 /* Info.plist */ = {isa = PBXFileReference; lastKnownFileType = text.plist.xml; path = Info.plist; sourceTree = "<group>"; };
		9C1E6A11233A334B007EDFD3 /* README.md */ = {isa = PBXFileReference; lastKnownFileType = net.daringfireball.markdown; path = README.md; sourceTree = "<group>"; };
		9C1E6A50233A63D7007EDFD3 /* ContentView.swift */ = {isa = PBXFileReference; lastKnownFileType = sourcecode.swift; path = ContentView.swift; sourceTree = "<group>"; };
		9C1E6A52233A6768007EDFD3 /* StationModel.swift */ = {isa = PBXFileReference; lastKnownFileType = sourcecode.swift; path = StationModel.swift; sourceTree = "<group>"; };
		9C1EFA102342178300ED80E4 /* Location.swift */ = {isa = PBXFileReference; lastKnownFileType = sourcecode.swift; path = Location.swift; sourceTree = "<group>"; };
/* End PBXFileReference section */

/* Begin PBXFrameworksBuildPhase section */
		9C1E69F1233A2A52007EDFD3 /* Frameworks */ = {
			isa = PBXFrameworksBuildPhase;
			buildActionMask = 2147483647;
			files = (
				9C1E6A17233A59D7007EDFD3 /* SwiftyJSON in Frameworks */,
				9C1E6A14233A4F76007EDFD3 /* Alamofire in Frameworks */,
			);
			runOnlyForDeploymentPostprocessing = 0;
		};
/* End PBXFrameworksBuildPhase section */

/* Begin PBXGroup section */
		9C1E69DA233A2A4F007EDFD3 = {
			isa = PBXGroup;
			children = (
				9C1E6A11233A334B007EDFD3 /* README.md */,
				9C1E69E9233A2A4F007EDFD3 /* Citybikes WatchKit App */,
				9C1E69F8233A2A52007EDFD3 /* Citybikes WatchKit Extension */,
				9C1E69E2233A2A4F007EDFD3 /* Products */,
				9C1E6A12233A4F76007EDFD3 /* Frameworks */,
			);
			sourceTree = "<group>";
		};
		9C1E69E2233A2A4F007EDFD3 /* Products */ = {
			isa = PBXGroup;
			children = (
				9C1E69E1233A2A4F007EDFD3 /* Citybikes.app */,
				9C1E69E5233A2A4F007EDFD3 /* Citybikes WatchKit App.app */,
				9C1E69F4233A2A52007EDFD3 /* Citybikes WatchKit Extension.appex */,
			);
			name = Products;
			sourceTree = "<group>";
		};
		9C1E69E9233A2A4F007EDFD3 /* Citybikes WatchKit App */ = {
			isa = PBXGroup;
			children = (
				9C1E69EA233A2A4F007EDFD3 /* Interface.storyboard */,
				9C1E69ED233A2A51007EDFD3 /* Assets.xcassets */,
				9C1E69EF233A2A51007EDFD3 /* Info.plist */,
			);
			path = "Citybikes WatchKit App";
			sourceTree = "<group>";
		};
		9C1E69F8233A2A52007EDFD3 /* Citybikes WatchKit Extension */ = {
			isa = PBXGroup;
			children = (
				9C1E6A55233A7D0A007EDFD3 /* Views */,
				9C1E6A54233A7CFB007EDFD3 /* Controllers */,
				9C1E6A56233A7D13007EDFD3 /* Models */,
				9C1E69FB233A2A52007EDFD3 /* ExtensionDelegate.swift */,
				9C1EFA102342178300ED80E4 /* Location.swift */,
				9C1E69FF233A2A52007EDFD3 /* Assets.xcassets */,
				9C1E6A01233A2A52007EDFD3 /* Info.plist */,
			);
			path = "Citybikes WatchKit Extension";
			sourceTree = "<group>";
		};
		9C1E6A12233A4F76007EDFD3 /* Frameworks */ = {
			isa = PBXGroup;
			children = (
			);
			name = Frameworks;
			sourceTree = "<group>";
		};
		9C1E6A54233A7CFB007EDFD3 /* Controllers */ = {
			isa = PBXGroup;
			children = (
				9C1E69F9233A2A52007EDFD3 /* InterfaceController.swift */,
				9C1E69FD233A2A52007EDFD3 /* ComplicationController.swift */,
			);
			path = Controllers;
			sourceTree = "<group>";
		};
		9C1E6A55233A7D0A007EDFD3 /* Views */ = {
			isa = PBXGroup;
			children = (
				9C1E6A50233A63D7007EDFD3 /* ContentView.swift */,
			);
			path = Views;
			sourceTree = "<group>";
		};
		9C1E6A56233A7D13007EDFD3 /* Models */ = {
			isa = PBXGroup;
			children = (
				9C1E6A52233A6768007EDFD3 /* StationModel.swift */,
			);
			path = Models;
			sourceTree = "<group>";
		};
/* End PBXGroup section */

/* Begin PBXNativeTarget section */
		9C1E69E0233A2A4F007EDFD3 /* Citybikes */ = {
			isa = PBXNativeTarget;
			buildConfigurationList = 9C1E6A0C233A2A52007EDFD3 /* Build configuration list for PBXNativeTarget "Citybikes" */;
			buildPhases = (
				9C1E69DF233A2A4F007EDFD3 /* Resources */,
				9C1E6A0B233A2A52007EDFD3 /* Embed Watch Content */,
			);
			buildRules = (
			);
			dependencies = (
				9C1E69E8233A2A4F007EDFD3 /* PBXTargetDependency */,
			);
			name = Citybikes;
			packageProductDependencies = (
				9C1E6A10233A2B71007EDFD3 /* Alamofire */,
			);
			productName = Citybikes;
			productReference = 9C1E69E1233A2A4F007EDFD3 /* Citybikes.app */;
			productType = "com.apple.product-type.application.watchapp2-container";
		};
		9C1E69E4233A2A4F007EDFD3 /* Citybikes WatchKit App */ = {
			isa = PBXNativeTarget;
			buildConfigurationList = 9C1E6A08233A2A52007EDFD3 /* Build configuration list for PBXNativeTarget "Citybikes WatchKit App" */;
			buildPhases = (
				9C1E69E3233A2A4F007EDFD3 /* Resources */,
				9C1E6A07233A2A52007EDFD3 /* Embed App Extensions */,
			);
			buildRules = (
			);
			dependencies = (
				9C1E69F7233A2A52007EDFD3 /* PBXTargetDependency */,
			);
			name = "Citybikes WatchKit App";
			productName = "Citybikes WatchKit App";
			productReference = 9C1E69E5233A2A4F007EDFD3 /* Citybikes WatchKit App.app */;
			productType = "com.apple.product-type.application.watchapp2";
		};
		9C1E69F3233A2A52007EDFD3 /* Citybikes WatchKit Extension */ = {
			isa = PBXNativeTarget;
			buildConfigurationList = 9C1E6A04233A2A52007EDFD3 /* Build configuration list for PBXNativeTarget "Citybikes WatchKit Extension" */;
			buildPhases = (
				9C1E69F0233A2A52007EDFD3 /* Sources */,
				9C1E69F1233A2A52007EDFD3 /* Frameworks */,
				9C1E69F2233A2A52007EDFD3 /* Resources */,
			);
			buildRules = (
			);
			dependencies = (
			);
			name = "Citybikes WatchKit Extension";
			packageProductDependencies = (
				9C1E6A13233A4F76007EDFD3 /* Alamofire */,
				9C1E6A16233A59D7007EDFD3 /* SwiftyJSON */,
			);
			productName = "Citybikes WatchKit Extension";
			productReference = 9C1E69F4233A2A52007EDFD3 /* Citybikes WatchKit Extension.appex */;
			productType = "com.apple.product-type.watchkit2-extension";
		};
/* End PBXNativeTarget section */

/* Begin PBXProject section */
		9C1E69DB233A2A4F007EDFD3 /* Project object */ = {
			isa = PBXProject;
			attributes = {
				LastSwiftUpdateCheck = 1100;
				LastUpgradeCheck = 1100;
				ORGANIZATIONNAME = "Gaia Green Tech";
				TargetAttributes = {
					9C1E69E0233A2A4F007EDFD3 = {
						CreatedOnToolsVersion = 11.0;
					};
					9C1E69E4233A2A4F007EDFD3 = {
						CreatedOnToolsVersion = 11.0;
					};
					9C1E69F3233A2A52007EDFD3 = {
						CreatedOnToolsVersion = 11.0;
					};
				};
			};
			buildConfigurationList = 9C1E69DE233A2A4F007EDFD3 /* Build configuration list for PBXProject "Citybikes" */;
			compatibilityVersion = "Xcode 9.3";
			developmentRegion = en;
			hasScannedForEncodings = 0;
			knownRegions = (
				en,
				Base,
			);
			mainGroup = 9C1E69DA233A2A4F007EDFD3;
			packageReferences = (
				9C1E6A0F233A2B71007EDFD3 /* XCRemoteSwiftPackageReference "Alamofire" */,
				9C1E6A15233A59D7007EDFD3 /* XCRemoteSwiftPackageReference "SwiftyJSON" */,
			);
			productRefGroup = 9C1E69E2233A2A4F007EDFD3 /* Products */;
			projectDirPath = "";
			projectRoot = "";
			targets = (
				9C1E69E0233A2A4F007EDFD3 /* Citybikes */,
				9C1E69E4233A2A4F007EDFD3 /* Citybikes WatchKit App */,
				9C1E69F3233A2A52007EDFD3 /* Citybikes WatchKit Extension */,
			);
		};
/* End PBXProject section */

/* Begin PBXResourcesBuildPhase section */
		9C1E69DF233A2A4F007EDFD3 /* Resources */ = {
			isa = PBXResourcesBuildPhase;
			buildActionMask = 2147483647;
			files = (
			);
			runOnlyForDeploymentPostprocessing = 0;
		};
		9C1E69E3233A2A4F007EDFD3 /* Resources */ = {
			isa = PBXResourcesBuildPhase;
			buildActionMask = 2147483647;
			files = (
				9C1E69EE233A2A51007EDFD3 /* Assets.xcassets in Resources */,
				9C1E69EC233A2A4F007EDFD3 /* Interface.storyboard in Resources */,
			);
			runOnlyForDeploymentPostprocessing = 0;
		};
		9C1E69F2233A2A52007EDFD3 /* Resources */ = {
			isa = PBXResourcesBuildPhase;
			buildActionMask = 2147483647;
			files = (
				9C1E6A00233A2A52007EDFD3 /* Assets.xcassets in Resources */,
			);
			runOnlyForDeploymentPostprocessing = 0;
		};
/* End PBXResourcesBuildPhase section */

/* Begin PBXSourcesBuildPhase section */
		9C1E69F0233A2A52007EDFD3 /* Sources */ = {
			isa = PBXSourcesBuildPhase;
			buildActionMask = 2147483647;
			files = (
				9C1E69FC233A2A52007EDFD3 /* ExtensionDelegate.swift in Sources */,
				9C1EFA112342178300ED80E4 /* Location.swift in Sources */,
				9C1E69FA233A2A52007EDFD3 /* InterfaceController.swift in Sources */,
				9C1E6A53233A6768007EDFD3 /* StationModel.swift in Sources */,
				9C1E6A51233A63D7007EDFD3 /* ContentView.swift in Sources */,
				9C1E69FE233A2A52007EDFD3 /* ComplicationController.swift in Sources */,
			);
			runOnlyForDeploymentPostprocessing = 0;
		};
/* End PBXSourcesBuildPhase section */

/* Begin PBXTargetDependency section */
		9C1E69E8233A2A4F007EDFD3 /* PBXTargetDependency */ = {
			isa = PBXTargetDependency;
			target = 9C1E69E4233A2A4F007EDFD3 /* Citybikes WatchKit App */;
			targetProxy = 9C1E69E7233A2A4F007EDFD3 /* PBXContainerItemProxy */;
		};
		9C1E69F7233A2A52007EDFD3 /* PBXTargetDependency */ = {
			isa = PBXTargetDependency;
			target = 9C1E69F3233A2A52007EDFD3 /* Citybikes WatchKit Extension */;
			targetProxy = 9C1E69F6233A2A52007EDFD3 /* PBXContainerItemProxy */;
		};
/* End PBXTargetDependency section */

/* Begin PBXVariantGroup section */
		9C1E69EA233A2A4F007EDFD3 /* Interface.storyboard */ = {
			isa = PBXVariantGroup;
			children = (
				9C1E69EB233A2A4F007EDFD3 /* Base */,
			);
			name = Interface.storyboard;
			sourceTree = "<group>";
		};
/* End PBXVariantGroup section */

/* Begin XCBuildConfiguration section */
		9C1E6A02233A2A52007EDFD3 /* Debug */ = {
			isa = XCBuildConfiguration;
			buildSettings = {
				ALWAYS_SEARCH_USER_PATHS = NO;
				CLANG_ANALYZER_NONNULL = YES;
				CLANG_ANALYZER_NUMBER_OBJECT_CONVERSION = YES_AGGRESSIVE;
				CLANG_CXX_LANGUAGE_STANDARD = "gnu++14";
				CLANG_CXX_LIBRARY = "libc++";
				CLANG_ENABLE_MODULES = YES;
				CLANG_ENABLE_OBJC_ARC = YES;
				CLANG_ENABLE_OBJC_WEAK = YES;
				CLANG_WARN_BLOCK_CAPTURE_AUTORELEASING = YES;
				CLANG_WARN_BOOL_CONVERSION = YES;
				CLANG_WARN_COMMA = YES;
				CLANG_WARN_CONSTANT_CONVERSION = YES;
				CLANG_WARN_DEPRECATED_OBJC_IMPLEMENTATIONS = YES;
				CLANG_WARN_DIRECT_OBJC_ISA_USAGE = YES_ERROR;
				CLANG_WARN_DOCUMENTATION_COMMENTS = YES;
				CLANG_WARN_EMPTY_BODY = YES;
				CLANG_WARN_ENUM_CONVERSION = YES;
				CLANG_WARN_INFINITE_RECURSION = YES;
				CLANG_WARN_INT_CONVERSION = YES;
				CLANG_WARN_NON_LITERAL_NULL_CONVERSION = YES;
				CLANG_WARN_OBJC_IMPLICIT_RETAIN_SELF = YES;
				CLANG_WARN_OBJC_LITERAL_CONVERSION = YES;
				CLANG_WARN_OBJC_ROOT_CLASS = YES_ERROR;
				CLANG_WARN_RANGE_LOOP_ANALYSIS = YES;
				CLANG_WARN_STRICT_PROTOTYPES = YES;
				CLANG_WARN_SUSPICIOUS_MOVE = YES;
				CLANG_WARN_UNGUARDED_AVAILABILITY = YES_AGGRESSIVE;
				CLANG_WARN_UNREACHABLE_CODE = YES;
				CLANG_WARN__DUPLICATE_METHOD_MATCH = YES;
				COPY_PHASE_STRIP = NO;
				DEBUG_INFORMATION_FORMAT = dwarf;
				ENABLE_STRICT_OBJC_MSGSEND = YES;
				ENABLE_TESTABILITY = YES;
				GCC_C_LANGUAGE_STANDARD = gnu11;
				GCC_DYNAMIC_NO_PIC = NO;
				GCC_NO_COMMON_BLOCKS = YES;
				GCC_OPTIMIZATION_LEVEL = 0;
				GCC_PREPROCESSOR_DEFINITIONS = (
					"DEBUG=1",
					"$(inherited)",
				);
				GCC_WARN_64_TO_32_BIT_CONVERSION = YES;
				GCC_WARN_ABOUT_RETURN_TYPE = YES_ERROR;
				GCC_WARN_UNDECLARED_SELECTOR = YES;
				GCC_WARN_UNINITIALIZED_AUTOS = YES_AGGRESSIVE;
				GCC_WARN_UNUSED_FUNCTION = YES;
				GCC_WARN_UNUSED_VARIABLE = YES;
				MTL_ENABLE_DEBUG_INFO = INCLUDE_SOURCE;
				MTL_FAST_MATH = YES;
				ONLY_ACTIVE_ARCH = YES;
				SDKROOT = iphoneos;
				SWIFT_ACTIVE_COMPILATION_CONDITIONS = DEBUG;
				SWIFT_OPTIMIZATION_LEVEL = "-Onone";
			};
			name = Debug;
		};
		9C1E6A03233A2A52007EDFD3 /* Release */ = {
			isa = XCBuildConfiguration;
			buildSettings = {
				ALWAYS_SEARCH_USER_PATHS = NO;
				CLANG_ANALYZER_NONNULL = YES;
				CLANG_ANALYZER_NUMBER_OBJECT_CONVERSION = YES_AGGRESSIVE;
				CLANG_CXX_LANGUAGE_STANDARD = "gnu++14";
				CLANG_CXX_LIBRARY = "libc++";
				CLANG_ENABLE_MODULES = YES;
				CLANG_ENABLE_OBJC_ARC = YES;
				CLANG_ENABLE_OBJC_WEAK = YES;
				CLANG_WARN_BLOCK_CAPTURE_AUTORELEASING = YES;
				CLANG_WARN_BOOL_CONVERSION = YES;
				CLANG_WARN_COMMA = YES;
				CLANG_WARN_CONSTANT_CONVERSION = YES;
				CLANG_WARN_DEPRECATED_OBJC_IMPLEMENTATIONS = YES;
				CLANG_WARN_DIRECT_OBJC_ISA_USAGE = YES_ERROR;
				CLANG_WARN_DOCUMENTATION_COMMENTS = YES;
				CLANG_WARN_EMPTY_BODY = YES;
				CLANG_WARN_ENUM_CONVERSION = YES;
				CLANG_WARN_INFINITE_RECURSION = YES;
				CLANG_WARN_INT_CONVERSION = YES;
				CLANG_WARN_NON_LITERAL_NULL_CONVERSION = YES;
				CLANG_WARN_OBJC_IMPLICIT_RETAIN_SELF = YES;
				CLANG_WARN_OBJC_LITERAL_CONVERSION = YES;
				CLANG_WARN_OBJC_ROOT_CLASS = YES_ERROR;
				CLANG_WARN_RANGE_LOOP_ANALYSIS = YES;
				CLANG_WARN_STRICT_PROTOTYPES = YES;
				CLANG_WARN_SUSPICIOUS_MOVE = YES;
				CLANG_WARN_UNGUARDED_AVAILABILITY = YES_AGGRESSIVE;
				CLANG_WARN_UNREACHABLE_CODE = YES;
				CLANG_WARN__DUPLICATE_METHOD_MATCH = YES;
				COPY_PHASE_STRIP = NO;
				DEBUG_INFORMATION_FORMAT = "dwarf-with-dsym";
				ENABLE_NS_ASSERTIONS = NO;
				ENABLE_STRICT_OBJC_MSGSEND = YES;
				GCC_C_LANGUAGE_STANDARD = gnu11;
				GCC_NO_COMMON_BLOCKS = YES;
				GCC_WARN_64_TO_32_BIT_CONVERSION = YES;
				GCC_WARN_ABOUT_RETURN_TYPE = YES_ERROR;
				GCC_WARN_UNDECLARED_SELECTOR = YES;
				GCC_WARN_UNINITIALIZED_AUTOS = YES_AGGRESSIVE;
				GCC_WARN_UNUSED_FUNCTION = YES;
				GCC_WARN_UNUSED_VARIABLE = YES;
				MTL_ENABLE_DEBUG_INFO = NO;
				MTL_FAST_MATH = YES;
				SDKROOT = iphoneos;
				SWIFT_COMPILATION_MODE = wholemodule;
				SWIFT_OPTIMIZATION_LEVEL = "-O";
				VALIDATE_PRODUCT = YES;
			};
			name = Release;
		};
		9C1E6A05233A2A52007EDFD3 /* Debug */ = {
			isa = XCBuildConfiguration;
			buildSettings = {
				ASSETCATALOG_COMPILER_COMPLICATION_NAME = Complication;
				CODE_SIGN_STYLE = Automatic;
				DEVELOPMENT_TEAM = 9CJ492AWCA;
				INFOPLIST_FILE = "Citybikes WatchKit Extension/Info.plist";
				LD_RUNPATH_SEARCH_PATHS = (
					"$(inherited)",
					"@executable_path/Frameworks",
					"@executable_path/../../Frameworks",
				);
				PRODUCT_BUNDLE_IDENTIFIER = tech.gaiagreen.Citybikes.watchkitapp.watchkitextension;
				PRODUCT_NAME = "${TARGET_NAME}";
				SDKROOT = watchos;
				SKIP_INSTALL = YES;
				SWIFT_VERSION = 5.0;
				TARGETED_DEVICE_FAMILY = 4;
				WATCHOS_DEPLOYMENT_TARGET = 6.0;
			};
			name = Debug;
		};
		9C1E6A06233A2A52007EDFD3 /* Release */ = {
			isa = XCBuildConfiguration;
			buildSettings = {
				ASSETCATALOG_COMPILER_COMPLICATION_NAME = Complication;
				CODE_SIGN_STYLE = Automatic;
				DEVELOPMENT_TEAM = 9CJ492AWCA;
				INFOPLIST_FILE = "Citybikes WatchKit Extension/Info.plist";
				LD_RUNPATH_SEARCH_PATHS = (
					"$(inherited)",
					"@executable_path/Frameworks",
					"@executable_path/../../Frameworks",
				);
				PRODUCT_BUNDLE_IDENTIFIER = tech.gaiagreen.Citybikes.watchkitapp.watchkitextension;
				PRODUCT_NAME = "${TARGET_NAME}";
				SDKROOT = watchos;
				SKIP_INSTALL = YES;
				SWIFT_VERSION = 5.0;
				TARGETED_DEVICE_FAMILY = 4;
				WATCHOS_DEPLOYMENT_TARGET = 6.0;
			};
			name = Release;
		};
		9C1E6A09233A2A52007EDFD3 /* Debug */ = {
			isa = XCBuildConfiguration;
			buildSettings = {
				ALWAYS_EMBED_SWIFT_STANDARD_LIBRARIES = YES;
				ASSETCATALOG_COMPILER_APPICON_NAME = AppIcon;
				CODE_SIGN_STYLE = Automatic;
				DEVELOPMENT_TEAM = 9CJ492AWCA;
				IBSC_MODULE = Citybikes_WatchKit_Extension;
				INFOPLIST_FILE = "Citybikes WatchKit App/Info.plist";
				PRODUCT_BUNDLE_IDENTIFIER = tech.gaiagreen.Citybikes.watchkitapp;
				PRODUCT_NAME = "$(TARGET_NAME)";
				SDKROOT = watchos;
				SKIP_INSTALL = YES;
				SWIFT_VERSION = 5.0;
				TARGETED_DEVICE_FAMILY = 4;
				WATCHOS_DEPLOYMENT_TARGET = 6.0;
			};
			name = Debug;
		};
		9C1E6A0A233A2A52007EDFD3 /* Release */ = {
			isa = XCBuildConfiguration;
			buildSettings = {
				ALWAYS_EMBED_SWIFT_STANDARD_LIBRARIES = YES;
				ASSETCATALOG_COMPILER_APPICON_NAME = AppIcon;
				CODE_SIGN_STYLE = Automatic;
				DEVELOPMENT_TEAM = 9CJ492AWCA;
				IBSC_MODULE = Citybikes_WatchKit_Extension;
				INFOPLIST_FILE = "Citybikes WatchKit App/Info.plist";
				PRODUCT_BUNDLE_IDENTIFIER = tech.gaiagreen.Citybikes.watchkitapp;
				PRODUCT_NAME = "$(TARGET_NAME)";
				SDKROOT = watchos;
				SKIP_INSTALL = YES;
				SWIFT_VERSION = 5.0;
				TARGETED_DEVICE_FAMILY = 4;
				WATCHOS_DEPLOYMENT_TARGET = 6.0;
			};
			name = Release;
		};
		9C1E6A0D233A2A52007EDFD3 /* Debug */ = {
			isa = XCBuildConfiguration;
			buildSettings = {
				CODE_SIGN_STYLE = Automatic;
				CURRENT_PROJECT_VERSION = 1;
				DEVELOPMENT_TEAM = 9CJ492AWCA;
				MARKETING_VERSION = 1.0;
				PRODUCT_BUNDLE_IDENTIFIER = tech.gaiagreen.Citybikes;
				PRODUCT_NAME = "$(TARGET_NAME)";
				SWIFT_VERSION = 5.0;
			};
			name = Debug;
		};
		9C1E6A0E233A2A52007EDFD3 /* Release */ = {
			isa = XCBuildConfiguration;
			buildSettings = {
				CODE_SIGN_STYLE = Automatic;
				CURRENT_PROJECT_VERSION = 1;
				DEVELOPMENT_TEAM = 9CJ492AWCA;
				MARKETING_VERSION = 1.0;
				PRODUCT_BUNDLE_IDENTIFIER = tech.gaiagreen.Citybikes;
				PRODUCT_NAME = "$(TARGET_NAME)";
				SWIFT_VERSION = 5.0;
			};
			name = Release;
		};
/* End XCBuildConfiguration section */

/* Begin XCConfigurationList section */
		9C1E69DE233A2A4F007EDFD3 /* Build configuration list for PBXProject "Citybikes" */ = {
			isa = XCConfigurationList;
			buildConfigurations = (
				9C1E6A02233A2A52007EDFD3 /* Debug */,
				9C1E6A03233A2A52007EDFD3 /* Release */,
			);
			defaultConfigurationIsVisible = 0;
			defaultConfigurationName = Release;
		};
		9C1E6A04233A2A52007EDFD3 /* Build configuration list for PBXNativeTarget "Citybikes WatchKit Extension" */ = {
			isa = XCConfigurationList;
			buildConfigurations = (
				9C1E6A05233A2A52007EDFD3 /* Debug */,
				9C1E6A06233A2A52007EDFD3 /* Release */,
			);
			defaultConfigurationIsVisible = 0;
			defaultConfigurationName = Release;
		};
		9C1E6A08233A2A52007EDFD3 /* Build configuration list for PBXNativeTarget "Citybikes WatchKit App" */ = {
			isa = XCConfigurationList;
			buildConfigurations = (
				9C1E6A09233A2A52007EDFD3 /* Debug */,
				9C1E6A0A233A2A52007EDFD3 /* Release */,
			);
			defaultConfigurationIsVisible = 0;
			defaultConfigurationName = Release;
		};
		9C1E6A0C233A2A52007EDFD3 /* Build configuration list for PBXNativeTarget "Citybikes" */ = {
			isa = XCConfigurationList;
			buildConfigurations = (
				9C1E6A0D233A2A52007EDFD3 /* Debug */,
				9C1E6A0E233A2A52007EDFD3 /* Release */,
			);
			defaultConfigurationIsVisible = 0;
			defaultConfigurationName = Release;
		};
/* End XCConfigurationList section */

/* Begin XCRemoteSwiftPackageReference section */
		9C1E6A0F233A2B71007EDFD3 /* XCRemoteSwiftPackageReference "Alamofire" */ = {
			isa = XCRemoteSwiftPackageReference;
			repositoryURL = "https://github.com/Alamofire/Alamofire.git";
			requirement = {
				kind = upToNextMajorVersion;
				minimumVersion = "5.0.0-rc.2";
			};
		};
		9C1E6A15233A59D7007EDFD3 /* XCRemoteSwiftPackageReference "SwiftyJSON" */ = {
			isa = XCRemoteSwiftPackageReference;
			repositoryURL = "https://github.com/SwiftyJSON/SwiftyJSON.git";
			requirement = {
				kind = upToNextMajorVersion;
				minimumVersion = 5.0.0;
			};
		};
/* End XCRemoteSwiftPackageReference section */

/* Begin XCSwiftPackageProductDependency section */
		9C1E6A10233A2B71007EDFD3 /* Alamofire */ = {
			isa = XCSwiftPackageProductDependency;
			package = 9C1E6A0F233A2B71007EDFD3 /* XCRemoteSwiftPackageReference "Alamofire" */;
			productName = Alamofire;
		};
		9C1E6A13233A4F76007EDFD3 /* Alamofire */ = {
			isa = XCSwiftPackageProductDependency;
			package = 9C1E6A0F233A2B71007EDFD3 /* XCRemoteSwiftPackageReference "Alamofire" */;
			productName = Alamofire;
		};
		9C1E6A16233A59D7007EDFD3 /* SwiftyJSON */ = {
			isa = XCSwiftPackageProductDependency;
			package = 9C1E6A15233A59D7007EDFD3 /* XCRemoteSwiftPackageReference "SwiftyJSON" */;
			productName = SwiftyJSON;
		};
/* End XCSwiftPackageProductDependency section */
	};
	rootObject = 9C1E69DB233A2A4F007EDFD3 /* Project object */;
}
